// !$*UTF8*$!
{
	archiveVersion = 1;
	classes = {
	};
	objectVersion = 52;
	objects = {

/* Begin PBXBuildFile section */
		F72E049325BB7AF600F0F978 /* ModalView in Frameworks */ = {isa = PBXBuildFile; productRef = F72E049225BB7AF600F0F978 /* ModalView */; };
		F72E049725BB81EF00F0F978 /* BetterSafariView in Frameworks */ = {isa = PBXBuildFile; productRef = F72E049625BB81EF00F0F978 /* BetterSafariView */; };
		F747F5DE25A645430051C653 /* NogizakaApp.swift in Sources */ = {isa = PBXBuildFile; fileRef = F747F5DD25A645430051C653 /* NogizakaApp.swift */; };
		F747F5E025A645430051C653 /* ContentView.swift in Sources */ = {isa = PBXBuildFile; fileRef = F747F5DF25A645430051C653 /* ContentView.swift */; };
		F747F5E225A645460051C653 /* Assets.xcassets in Resources */ = {isa = PBXBuildFile; fileRef = F747F5E125A645460051C653 /* Assets.xcassets */; };
		F747F5E525A645460051C653 /* Preview Assets.xcassets in Resources */ = {isa = PBXBuildFile; fileRef = F747F5E425A645460051C653 /* Preview Assets.xcassets */; };
		F747F5F125A646E00051C653 /* Members.swift in Sources */ = {isa = PBXBuildFile; fileRef = F747F5F025A646E00051C653 /* Members.swift */; };
		F747F5F425A64FBB0051C653 /* memberInfo.swift in Sources */ = {isa = PBXBuildFile; fileRef = F747F5F325A64FBB0051C653 /* memberInfo.swift */; };
		F78B32BE25A7B74E00A2ABDF /* Information.swift in Sources */ = {isa = PBXBuildFile; fileRef = F78B32BD25A7B74E00A2ABDF /* Information.swift */; };
		F78B32C225A7B8B700A2ABDF /* MemberList.swift in Sources */ = {isa = PBXBuildFile; fileRef = F78B32C125A7B8B700A2ABDF /* MemberList.swift */; };
		F78B32C525A7C5D500A2ABDF /* BlogList.swift in Sources */ = {isa = PBXBuildFile; fileRef = F78B32C425A7C5D500A2ABDF /* BlogList.swift */; };
/* End PBXBuildFile section */

/* Begin PBXFileReference section */
		F747F5DA25A645430051C653 /* Nogizaka.app */ = {isa = PBXFileReference; explicitFileType = wrapper.application; includeInIndex = 0; path = Nogizaka.app; sourceTree = BUILT_PRODUCTS_DIR; };
		F747F5DD25A645430051C653 /* NogizakaApp.swift */ = {isa = PBXFileReference; lastKnownFileType = sourcecode.swift; path = NogizakaApp.swift; sourceTree = "<group>"; };
		F747F5DF25A645430051C653 /* ContentView.swift */ = {isa = PBXFileReference; lastKnownFileType = sourcecode.swift; path = ContentView.swift; sourceTree = "<group>"; };
		F747F5E125A645460051C653 /* Assets.xcassets */ = {isa = PBXFileReference; lastKnownFileType = folder.assetcatalog; path = Assets.xcassets; sourceTree = "<group>"; };
		F747F5E425A645460051C653 /* Preview Assets.xcassets */ = {isa = PBXFileReference; lastKnownFileType = folder.assetcatalog; path = "Preview Assets.xcassets"; sourceTree = "<group>"; };
		F747F5E625A645460051C653 /* Info.plist */ = {isa = PBXFileReference; lastKnownFileType = text.plist.xml; path = Info.plist; sourceTree = "<group>"; };
		F747F5F025A646E00051C653 /* Members.swift */ = {isa = PBXFileReference; lastKnownFileType = sourcecode.swift; path = Members.swift; sourceTree = "<group>"; };
		F747F5F325A64FBB0051C653 /* memberInfo.swift */ = {isa = PBXFileReference; lastKnownFileType = sourcecode.swift; path = memberInfo.swift; sourceTree = "<group>"; };
		F78B32BD25A7B74E00A2ABDF /* Information.swift */ = {isa = PBXFileReference; lastKnownFileType = sourcecode.swift; path = Information.swift; sourceTree = "<group>"; };
		F78B32C125A7B8B700A2ABDF /* MemberList.swift */ = {isa = PBXFileReference; lastKnownFileType = sourcecode.swift; path = MemberList.swift; sourceTree = "<group>"; };
		F78B32C425A7C5D500A2ABDF /* BlogList.swift */ = {isa = PBXFileReference; lastKnownFileType = sourcecode.swift; path = BlogList.swift; sourceTree = "<group>"; };
/* End PBXFileReference section */

/* Begin PBXFrameworksBuildPhase section */
		F747F5D725A645430051C653 /* Frameworks */ = {
			isa = PBXFrameworksBuildPhase;
			buildActionMask = 2147483647;
			files = (
				F72E049325BB7AF600F0F978 /* ModalView in Frameworks */,
				F72E049725BB81EF00F0F978 /* BetterSafariView in Frameworks */,
			);
			runOnlyForDeploymentPostprocessing = 0;
		};
/* End PBXFrameworksBuildPhase section */

/* Begin PBXGroup section */
		F747F5D125A645430051C653 = {
			isa = PBXGroup;
			children = (
				F747F5DC25A645430051C653 /* Nogizaka */,
				F747F5DB25A645430051C653 /* Products */,
			);
			sourceTree = "<group>";
		};
		F747F5DB25A645430051C653 /* Products */ = {
			isa = PBXGroup;
			children = (
				F747F5DA25A645430051C653 /* Nogizaka.app */,
			);
			name = Products;
			sourceTree = "<group>";
		};
		F747F5DC25A645430051C653 /* Nogizaka */ = {
			isa = PBXGroup;
			children = (
				F747F5DD25A645430051C653 /* NogizakaApp.swift */,
				F78B32BD25A7B74E00A2ABDF /* Information.swift */,
				F747F5DF25A645430051C653 /* ContentView.swift */,
				F78B32C125A7B8B700A2ABDF /* MemberList.swift */,
				F78B32C425A7C5D500A2ABDF /* BlogList.swift */,
				F747F5F325A64FBB0051C653 /* memberInfo.swift */,
				F747F5F025A646E00051C653 /* Members.swift */,
				F747F5E125A645460051C653 /* Assets.xcassets */,
				F747F5E625A645460051C653 /* Info.plist */,
				F747F5E325A645460051C653 /* Preview Content */,
			);
			path = Nogizaka;
			sourceTree = "<group>";
		};
		F747F5E325A645460051C653 /* Preview Content */ = {
			isa = PBXGroup;
			children = (
				F747F5E425A645460051C653 /* Preview Assets.xcassets */,
			);
			path = "Preview Content";
			sourceTree = "<group>";
		};
/* End PBXGroup section */

/* Begin PBXNativeTarget section */
		F747F5D925A645430051C653 /* Nogizaka */ = {
			isa = PBXNativeTarget;
			buildConfigurationList = F747F5E925A645460051C653 /* Build configuration list for PBXNativeTarget "Nogizaka" */;
			buildPhases = (
				F747F5D625A645430051C653 /* Sources */,
				F747F5D725A645430051C653 /* Frameworks */,
				F747F5D825A645430051C653 /* Resources */,
			);
			buildRules = (
			);
			dependencies = (
			);
			name = Nogizaka;
			packageProductDependencies = (
				F72E049225BB7AF600F0F978 /* ModalView */,
				F72E049625BB81EF00F0F978 /* BetterSafariView */,
			);
			productName = Nogizaka;
			productReference = F747F5DA25A645430051C653 /* Nogizaka.app */;
			productType = "com.apple.product-type.application";
		};
/* End PBXNativeTarget section */

/* Begin PBXProject section */
		F747F5D225A645430051C653 /* Project object */ = {
			isa = PBXProject;
			attributes = {
				LastSwiftUpdateCheck = 1220;
				LastUpgradeCheck = 1220;
				TargetAttributes = {
					F747F5D925A645430051C653 = {
						CreatedOnToolsVersion = 12.2;
					};
				};
			};
			buildConfigurationList = F747F5D525A645430051C653 /* Build configuration list for PBXProject "Nogizaka" */;
			compatibilityVersion = "Xcode 9.3";
			developmentRegion = en;
			hasScannedForEncodings = 0;
			knownRegions = (
				en,
				Base,
			);
			mainGroup = F747F5D125A645430051C653;
			packageReferences = (
				F72E049125BB7AF600F0F978 /* XCRemoteSwiftPackageReference "modal-view" */,
				F72E049525BB81EF00F0F978 /* XCRemoteSwiftPackageReference "BetterSafariView" */,
			);
			productRefGroup = F747F5DB25A645430051C653 /* Products */;
			projectDirPath = "";
			projectRoot = "";
			targets = (
				F747F5D925A645430051C653 /* Nogizaka */,
			);
		};
/* End PBXProject section */

/* Begin PBXResourcesBuildPhase section */
		F747F5D825A645430051C653 /* Resources */ = {
			isa = PBXResourcesBuildPhase;
			buildActionMask = 2147483647;
			files = (
				F747F5E525A645460051C653 /* Preview Assets.xcassets in Resources */,
				F747F5E225A645460051C653 /* Assets.xcassets in Resources */,
			);
			runOnlyForDeploymentPostprocessing = 0;
		};
/* End PBXResourcesBuildPhase section */

/* Begin PBXSourcesBuildPhase section */
		F747F5D625A645430051C653 /* Sources */ = {
			isa = PBXSourcesBuildPhase;
			buildActionMask = 2147483647;
			files = (
				F747F5F125A646E00051C653 /* Members.swift in Sources */,
				F78B32C525A7C5D500A2ABDF /* BlogList.swift in Sources */,
				F78B32C225A7B8B700A2ABDF /* MemberList.swift in Sources */,
				F747F5E025A645430051C653 /* ContentView.swift in Sources */,
				F747F5DE25A645430051C653 /* NogizakaApp.swift in Sources */,
				F78B32BE25A7B74E00A2ABDF /* Information.swift in Sources */,
				F747F5F425A64FBB0051C653 /* memberInfo.swift in Sources */,
			);
			runOnlyForDeploymentPostprocessing = 0;
		};
/* End PBXSourcesBuildPhase section */

/* Begin XCBuildConfiguration section */
		F747F5E725A645460051C653 /* Debug */ = {
			isa = XCBuildConfiguration;
			buildSettings = {
				ALWAYS_SEARCH_USER_PATHS = NO;
				CLANG_ANALYZER_NONNULL = YES;
				CLANG_ANALYZER_NUMBER_OBJECT_CONVERSION = YES_AGGRESSIVE;
				CLANG_CXX_LANGUAGE_STANDARD = "gnu++14";
				CLANG_CXX_LIBRARY = "libc++";
				CLANG_ENABLE_MODULES = YES;
				CLANG_ENABLE_OBJC_ARC = YES;
				CLANG_ENABLE_OBJC_WEAK = YES;
				CLANG_WARN_BLOCK_CAPTURE_AUTORELEASING = YES;
				CLANG_WARN_BOOL_CONVERSION = YES;
				CLANG_WARN_COMMA = YES;
				CLANG_WARN_CONSTANT_CONVERSION = YES;
				CLANG_WARN_DEPRECATED_OBJC_IMPLEMENTATIONS = YES;
				CLANG_WARN_DIRECT_OBJC_ISA_USAGE = YES_ERROR;
				CLANG_WARN_DOCUMENTATION_COMMENTS = YES;
				CLANG_WARN_EMPTY_BODY = YES;
				CLANG_WARN_ENUM_CONVERSION = YES;
				CLANG_WARN_INFINITE_RECURSION = YES;
				CLANG_WARN_INT_CONVERSION = YES;
				CLANG_WARN_NON_LITERAL_NULL_CONVERSION = YES;
				CLANG_WARN_OBJC_IMPLICIT_RETAIN_SELF = YES;
				CLANG_WARN_OBJC_LITERAL_CONVERSION = YES;
				CLANG_WARN_OBJC_ROOT_CLASS = YES_ERROR;
				CLANG_WARN_QUOTED_INCLUDE_IN_FRAMEWORK_HEADER = YES;
				CLANG_WARN_RANGE_LOOP_ANALYSIS = YES;
				CLANG_WARN_STRICT_PROTOTYPES = YES;
				CLANG_WARN_SUSPICIOUS_MOVE = YES;
				CLANG_WARN_UNGUARDED_AVAILABILITY = YES_AGGRESSIVE;
				CLANG_WARN_UNREACHABLE_CODE = YES;
				CLANG_WARN__DUPLICATE_METHOD_MATCH = YES;
				COPY_PHASE_STRIP = NO;
				DEBUG_INFORMATION_FORMAT = dwarf;
				ENABLE_STRICT_OBJC_MSGSEND = YES;
				ENABLE_TESTABILITY = YES;
				GCC_C_LANGUAGE_STANDARD = gnu11;
				GCC_DYNAMIC_NO_PIC = NO;
				GCC_NO_COMMON_BLOCKS = YES;
				GCC_OPTIMIZATION_LEVEL = 0;
				GCC_PREPROCESSOR_DEFINITIONS = (
					"DEBUG=1",
					"$(inherited)",
				);
				GCC_WARN_64_TO_32_BIT_CONVERSION = YES;
				GCC_WARN_ABOUT_RETURN_TYPE = YES_ERROR;
				GCC_WARN_UNDECLARED_SELECTOR = YES;
				GCC_WARN_UNINITIALIZED_AUTOS = YES_AGGRESSIVE;
				GCC_WARN_UNUSED_FUNCTION = YES;
				GCC_WARN_UNUSED_VARIABLE = YES;
				IPHONEOS_DEPLOYMENT_TARGET = 14.2;
				MTL_ENABLE_DEBUG_INFO = INCLUDE_SOURCE;
				MTL_FAST_MATH = YES;
				ONLY_ACTIVE_ARCH = YES;
				SDKROOT = iphoneos;
				SWIFT_ACTIVE_COMPILATION_CONDITIONS = DEBUG;
				SWIFT_OPTIMIZATION_LEVEL = "-Onone";
			};
			name = Debug;
		};
		F747F5E825A645460051C653 /* Release */ = {
			isa = XCBuildConfiguration;
			buildSettings = {
				ALWAYS_SEARCH_USER_PATHS = NO;
				CLANG_ANALYZER_NONNULL = YES;
				CLANG_ANALYZER_NUMBER_OBJECT_CONVERSION = YES_AGGRESSIVE;
				CLANG_CXX_LANGUAGE_STANDARD = "gnu++14";
				CLANG_CXX_LIBRARY = "libc++";
				CLANG_ENABLE_MODULES = YES;
				CLANG_ENABLE_OBJC_ARC = YES;
				CLANG_ENABLE_OBJC_WEAK = YES;
				CLANG_WARN_BLOCK_CAPTURE_AUTORELEASING = YES;
				CLANG_WARN_BOOL_CONVERSION = YES;
				CLANG_WARN_COMMA = YES;
				CLANG_WARN_CONSTANT_CONVERSION = YES;
				CLANG_WARN_DEPRECATED_OBJC_IMPLEMENTATIONS = YES;
				CLANG_WARN_DIRECT_OBJC_ISA_USAGE = YES_ERROR;
				CLANG_WARN_DOCUMENTATION_COMMENTS = YES;
				CLANG_WARN_EMPTY_BODY = YES;
				CLANG_WARN_ENUM_CONVERSION = YES;
				CLANG_WARN_INFINITE_RECURSION = YES;
				CLANG_WARN_INT_CONVERSION = YES;
				CLANG_WARN_NON_LITERAL_NULL_CONVERSION = YES;
				CLANG_WARN_OBJC_IMPLICIT_RETAIN_SELF = YES;
				CLANG_WARN_OBJC_LITERAL_CONVERSION = YES;
				CLANG_WARN_OBJC_ROOT_CLASS = YES_ERROR;
				CLANG_WARN_QUOTED_INCLUDE_IN_FRAMEWORK_HEADER = YES;
				CLANG_WARN_RANGE_LOOP_ANALYSIS = YES;
				CLANG_WARN_STRICT_PROTOTYPES = YES;
				CLANG_WARN_SUSPICIOUS_MOVE = YES;
				CLANG_WARN_UNGUARDED_AVAILABILITY = YES_AGGRESSIVE;
				CLANG_WARN_UNREACHABLE_CODE = YES;
				CLANG_WARN__DUPLICATE_METHOD_MATCH = YES;
				COPY_PHASE_STRIP = NO;
				DEBUG_INFORMATION_FORMAT = "dwarf-with-dsym";
				ENABLE_NS_ASSERTIONS = NO;
				ENABLE_STRICT_OBJC_MSGSEND = YES;
				GCC_C_LANGUAGE_STANDARD = gnu11;
				GCC_NO_COMMON_BLOCKS = YES;
				GCC_WARN_64_TO_32_BIT_CONVERSION = YES;
				GCC_WARN_ABOUT_RETURN_TYPE = YES_ERROR;
				GCC_WARN_UNDECLARED_SELECTOR = YES;
				GCC_WARN_UNINITIALIZED_AUTOS = YES_AGGRESSIVE;
				GCC_WARN_UNUSED_FUNCTION = YES;
				GCC_WARN_UNUSED_VARIABLE = YES;
				IPHONEOS_DEPLOYMENT_TARGET = 14.2;
				MTL_ENABLE_DEBUG_INFO = NO;
				MTL_FAST_MATH = YES;
				SDKROOT = iphoneos;
				SWIFT_COMPILATION_MODE = wholemodule;
				SWIFT_OPTIMIZATION_LEVEL = "-O";
				VALIDATE_PRODUCT = YES;
			};
			name = Release;
		};
		F747F5EA25A645460051C653 /* Debug */ = {
			isa = XCBuildConfiguration;
			buildSettings = {
				ASSETCATALOG_COMPILER_APPICON_NAME = AppIcon;
				ASSETCATALOG_COMPILER_GLOBAL_ACCENT_COLOR_NAME = AccentColor;
				CODE_SIGN_STYLE = Automatic;
				DEVELOPMENT_ASSET_PATHS = "\"Nogizaka/Preview Content\"";
				DEVELOPMENT_TEAM = 5VSLR4ZAP9;
				ENABLE_PREVIEWS = YES;
				INFOPLIST_FILE = Nogizaka/Info.plist;
				IPHONEOS_DEPLOYMENT_TARGET = 14.0;
				LD_RUNPATH_SEARCH_PATHS = (
					"$(inherited)",
					"@executable_path/Frameworks",
				);
				PRODUCT_BUNDLE_IDENTIFIER = riceset.Nogizaka;
				PRODUCT_NAME = "$(TARGET_NAME)";
				SWIFT_VERSION = 5.0;
				TARGETED_DEVICE_FAMILY = "1,2";
			};
			name = Debug;
		};
		F747F5EB25A645460051C653 /* Release */ = {
			isa = XCBuildConfiguration;
			buildSettings = {
				ASSETCATALOG_COMPILER_APPICON_NAME = AppIcon;
				ASSETCATALOG_COMPILER_GLOBAL_ACCENT_COLOR_NAME = AccentColor;
				CODE_SIGN_STYLE = Automatic;
				DEVELOPMENT_ASSET_PATHS = "\"Nogizaka/Preview Content\"";
				DEVELOPMENT_TEAM = 5VSLR4ZAP9;
				ENABLE_PREVIEWS = YES;
				INFOPLIST_FILE = Nogizaka/Info.plist;
				IPHONEOS_DEPLOYMENT_TARGET = 14.0;
				LD_RUNPATH_SEARCH_PATHS = (
					"$(inherited)",
					"@executable_path/Frameworks",
				);
				PRODUCT_BUNDLE_IDENTIFIER = riceset.Nogizaka;
				PRODUCT_NAME = "$(TARGET_NAME)";
				SWIFT_VERSION = 5.0;
				TARGETED_DEVICE_FAMILY = "1,2";
			};
			name = Release;
		};
/* End XCBuildConfiguration section */

/* Begin XCConfigurationList section */
		F747F5D525A645430051C653 /* Build configuration list for PBXProject "Nogizaka" */ = {
			isa = XCConfigurationList;
			buildConfigurations = (
				F747F5E725A645460051C653 /* Debug */,
				F747F5E825A645460051C653 /* Release */,
			);
			defaultConfigurationIsVisible = 0;
			defaultConfigurationName = Release;
		};
		F747F5E925A645460051C653 /* Build configuration list for PBXNativeTarget "Nogizaka" */ = {
			isa = XCConfigurationList;
			buildConfigurations = (
				F747F5EA25A645460051C653 /* Debug */,
				F747F5EB25A645460051C653 /* Release */,
			);
			defaultConfigurationIsVisible = 0;
			defaultConfigurationName = Release;
		};
/* End XCConfigurationList section */

/* Begin XCRemoteSwiftPackageReference section */
		F72E049125BB7AF600F0F978 /* XCRemoteSwiftPackageReference "modal-view" */ = {
			isa = XCRemoteSwiftPackageReference;
			repositoryURL = "https://github.com/diniska/modal-view";
			requirement = {
				branch = master;
				kind = branch;
			};
		};
		F72E049525BB81EF00F0F978 /* XCRemoteSwiftPackageReference "BetterSafariView" */ = {
			isa = XCRemoteSwiftPackageReference;
			repositoryURL = "https://github.com/stleamist/BetterSafariView";
			requirement = {
				branch = main;
				kind = branch;
			};
		};
/* End XCRemoteSwiftPackageReference section */

/* Begin XCSwiftPackageProductDependency section */
		F72E049225BB7AF600F0F978 /* ModalView */ = {
			isa = XCSwiftPackageProductDependency;
			package = F72E049125BB7AF600F0F978 /* XCRemoteSwiftPackageReference "modal-view" */;
			productName = ModalView;
		};
		F72E049625BB81EF00F0F978 /* BetterSafariView */ = {
			isa = XCSwiftPackageProductDependency;
			package = F72E049525BB81EF00F0F978 /* XCRemoteSwiftPackageReference "BetterSafariView" */;
			productName = BetterSafariView;
		};
/* End XCSwiftPackageProductDependency section */
	};
	rootObject = F747F5D225A645430051C653 /* Project object */;
}
